{
  "name": "@radiocab/create-vite-enriched",
  "version": "1.0.0",
  "lockfileVersion": 3,
  "requires": true,
  "packages": {
    "": {
      "name": "@radiocab/create-vite-enriched",
      "version": "1.0.0",
      "license": "ISC",
      "dependencies": {
        "@radiocab/create-vite-enriched": "file:"
      }
    },
    "node_modules/@radiocab/create-vite-enriched": {
      "resolved": "",
      "link": true
    }
  }
}
